
Microsoft Visual Studio Solution File, Format Version 12.00
# Visual Studio Version 16
VisualStudioVersion = 16.0.30914.41
MinimumVisualStudioVersion = 10.0.40219.1
Project("{2150E333-8FDC-42A3-9474-1A3956D46DE8}") = "Platforms", "Platforms", "{31BE3202-3521-446F-BE3F-5E62A0632341}"
EndProject
Project("{FAE04EC0-301F-11D3-BF4B-00C04F79EFBC}") = "MinMessage.Droid", "MinMessage.Droid\MinMessage.Droid.csproj", "{AA9B7A49-BDA0-40B5-AC40-138B35A5B9CB}"
EndProject
Project("{FAE04EC0-301F-11D3-BF4B-00C04F79EFBC}") = "MinMessage.UWP", "MinMessage.UWP\MinMessage.UWP.csproj", "{D9F4746D-C001-4C6E-9F7E-CEF391511517}"
EndProject
Project("{D954291E-2A0B-460D-934E-DC6B0785DB48}") = "MinMessage.Shared", "MinMessage.Shared\MinMessage.Shared.shproj", "{6279C845-92F8-4333-AB99-3D213163593C}"
EndProject
Global
	GlobalSection(SharedMSBuildProjectFiles) = preSolution
		MinMessage.Shared\MinMessage.Shared.projitems*{6279c845-92f8-4333-ab99-3d213163593c}*SharedItemsImports = 13
		MinMessage.Shared\MinMessage.Shared.projitems*{aa9b7a49-bda0-40b5-ac40-138b35a5b9cb}*SharedItemsImports = 4
		MinMessage.Shared\MinMessage.Shared.projitems*{d9f4746d-c001-4c6e-9f7e-cef391511517}*SharedItemsImports = 4
	EndGlobalSection
	GlobalSection(SolutionConfigurationPlatforms) = preSolution
		Ad-Hoc|Any CPU = Ad-Hoc|Any CPU
		Ad-Hoc|ARM = Ad-Hoc|ARM
		Ad-Hoc|ARM64 = Ad-Hoc|ARM64
		Ad-Hoc|iPhone = Ad-Hoc|iPhone
		Ad-Hoc|iPhoneSimulator = Ad-Hoc|iPhoneSimulator
		Ad-Hoc|x64 = Ad-Hoc|x64
		Ad-Hoc|x86 = Ad-Hoc|x86
		AppStore|Any CPU = AppStore|Any CPU
		AppStore|ARM = AppStore|ARM
		AppStore|ARM64 = AppStore|ARM64
		AppStore|iPhone = AppStore|iPhone
		AppStore|iPhoneSimulator = AppStore|iPhoneSimulator
		AppStore|x64 = AppStore|x64
		AppStore|x86 = AppStore|x86
		Debug|Any CPU = Debug|Any CPU
		Debug|ARM = Debug|ARM
		Debug|ARM64 = Debug|ARM64
		Debug|iPhone = Debug|iPhone
		Debug|iPhoneSimulator = Debug|iPhoneSimulator
		Debug|x64 = Debug|x64
		Debug|x86 = Debug|x86
		Release|Any CPU = Release|Any CPU
		Release|ARM = Release|ARM
		Release|ARM64 = Release|ARM64
		Release|iPhone = Release|iPhone
		Release|iPhoneSimulator = Release|iPhoneSimulator
		Release|x64 = Release|x64
		Release|x86 = Release|x86
	EndGlobalSection
	GlobalSection(ProjectConfigurationPlatforms) = postSolution
		{AA9B7A49-BDA0-40B5-AC40-138B35A5B9CB}.Ad-Hoc|Any CPU.ActiveCfg = Debug|Any CPU
		{AA9B7A49-BDA0-40B5-AC40-138B35A5B9CB}.Ad-Hoc|Any CPU.Build.0 = Debug|Any CPU
		{AA9B7A49-BDA0-40B5-AC40-138B35A5B9CB}.Ad-Hoc|Any CPU.Deploy.0 = Debug|Any CPU
		{AA9B7A49-BDA0-40B5-AC40-138B35A5B9CB}.Ad-Hoc|ARM.ActiveCfg = Debug|Any CPU
		{AA9B7A49-BDA0-40B5-AC40-138B35A5B9CB}.Ad-Hoc|ARM.Build.0 = Debug|Any CPU
		{AA9B7A49-BDA0-40B5-AC40-138B35A5B9CB}.Ad-Hoc|ARM.Deploy.0 = Debug|Any CPU
		{AA9B7A49-BDA0-40B5-AC40-138B35A5B9CB}.Ad-Hoc|ARM64.ActiveCfg = Debug|Any CPU
		{AA9B7A49-BDA0-40B5-AC40-138B35A5B9CB}.Ad-Hoc|ARM64.Build.0 = Debug|Any CPU
		{AA9B7A49-BDA0-40B5-AC40-138B35A5B9CB}.Ad-Hoc|ARM64.Deploy.0 = Debug|Any CPU
		{AA9B7A49-BDA0-40B5-AC40-138B35A5B9CB}.Ad-Hoc|iPhone.ActiveCfg = Debug|Any CPU
		{AA9B7A49-BDA0-40B5-AC40-138B35A5B9CB}.Ad-Hoc|iPhone.Build.0 = Debug|Any CPU
		{AA9B7A49-BDA0-40B5-AC40-138B35A5B9CB}.Ad-Hoc|iPhone.Deploy.0 = Debug|Any CPU
		{AA9B7A49-BDA0-40B5-AC40-138B35A5B9CB}.Ad-Hoc|iPhoneSimulator.ActiveCfg = Debug|Any CPU
		{AA9B7A49-BDA0-40B5-AC40-138B35A5B9CB}.Ad-Hoc|iPhoneSimulator.Build.0 = Debug|Any CPU
		{AA9B7A49-BDA0-40B5-AC40-138B35A5B9CB}.Ad-Hoc|iPhoneSimulator.Deploy.0 = Debug|Any CPU
		{AA9B7A49-BDA0-40B5-AC40-138B35A5B9CB}.Ad-Hoc|x64.ActiveCfg = Debug|Any CPU
		{AA9B7A49-BDA0-40B5-AC40-138B35A5B9CB}.Ad-Hoc|x64.Build.0 = Debug|Any CPU
		{AA9B7A49-BDA0-40B5-AC40-138B35A5B9CB}.Ad-Hoc|x64.Deploy.0 = Debug|Any CPU
		{AA9B7A49-BDA0-40B5-AC40-138B35A5B9CB}.Ad-Hoc|x86.ActiveCfg = Debug|Any CPU
		{AA9B7A49-BDA0-40B5-AC40-138B35A5B9CB}.Ad-Hoc|x86.Build.0 = Debug|Any CPU
		{AA9B7A49-BDA0-40B5-AC40-138B35A5B9CB}.Ad-Hoc|x86.Deploy.0 = Debug|Any CPU
		{AA9B7A49-BDA0-40B5-AC40-138B35A5B9CB}.AppStore|Any CPU.ActiveCfg = Debug|Any CPU
		{AA9B7A49-BDA0-40B5-AC40-138B35A5B9CB}.AppStore|Any CPU.Build.0 = Debug|Any CPU
		{AA9B7A49-BDA0-40B5-AC40-138B35A5B9CB}.AppStore|Any CPU.Deploy.0 = Debug|Any CPU
		{AA9B7A49-BDA0-40B5-AC40-138B35A5B9CB}.AppStore|ARM.ActiveCfg = Debug|Any CPU
		{AA9B7A49-BDA0-40B5-AC40-138B35A5B9CB}.AppStore|ARM.Build.0 = Debug|Any CPU
		{AA9B7A49-BDA0-40B5-AC40-138B35A5B9CB}.AppStore|ARM.Deploy.0 = Debug|Any CPU
		{AA9B7A49-BDA0-40B5-AC40-138B35A5B9CB}.AppStore|ARM64.ActiveCfg = Debug|Any CPU
		{AA9B7A49-BDA0-40B5-AC40-138B35A5B9CB}.AppStore|ARM64.Build.0 = Debug|Any CPU
		{AA9B7A49-BDA0-40B5-AC40-138B35A5B9CB}.AppStore|ARM64.Deploy.0 = Debug|Any CPU
		{AA9B7A49-BDA0-40B5-AC40-138B35A5B9CB}.AppStore|iPhone.ActiveCfg = Debug|Any CPU
		{AA9B7A49-BDA0-40B5-AC40-138B35A5B9CB}.AppStore|iPhone.Build.0 = Debug|Any CPU
		{AA9B7A49-BDA0-40B5-AC40-138B35A5B9CB}.AppStore|iPhone.Deploy.0 = Debug|Any CPU
		{AA9B7A49-BDA0-40B5-AC40-138B35A5B9CB}.AppStore|iPhoneSimulator.ActiveCfg = Debug|Any CPU
		{AA9B7A49-BDA0-40B5-AC40-138B35A5B9CB}.AppStore|iPhoneSimulator.Build.0 = Debug|Any CPU
		{AA9B7A49-BDA0-40B5-AC40-138B35A5B9CB}.AppStore|iPhoneSimulator.Deploy.0 = Debug|Any CPU
		{AA9B7A49-BDA0-40B5-AC40-138B35A5B9CB}.AppStore|x64.ActiveCfg = Debug|Any CPU
		{AA9B7A49-BDA0-40B5-AC40-138B35A5B9CB}.AppStore|x64.Build.0 = Debug|Any CPU
		{AA9B7A49-BDA0-40B5-AC40-138B35A5B9CB}.AppStore|x64.Deploy.0 = Debug|Any CPU
		{AA9B7A49-BDA0-40B5-AC40-138B35A5B9CB}.AppStore|x86.ActiveCfg = Debug|Any CPU
		{AA9B7A49-BDA0-40B5-AC40-138B35A5B9CB}.AppStore|x86.Build.0 = Debug|Any CPU
		{AA9B7A49-BDA0-40B5-AC40-138B35A5B9CB}.AppStore|x86.Deploy.0 = Debug|Any CPU
		{AA9B7A49-BDA0-40B5-AC40-138B35A5B9CB}.Debug|Any CPU.ActiveCfg = Debug|Any CPU
		{AA9B7A49-BDA0-40B5-AC40-138B35A5B9CB}.Debug|Any CPU.Build.0 = Debug|Any CPU
		{AA9B7A49-BDA0-40B5-AC40-138B35A5B9CB}.Debug|Any CPU.Deploy.0 = Debug|Any CPU
		{AA9B7A49-BDA0-40B5-AC40-138B35A5B9CB}.Debug|ARM.ActiveCfg = Debug|Any CPU
		{AA9B7A49-BDA0-40B5-AC40-138B35A5B9CB}.Debug|ARM.Build.0 = Debug|Any CPU
		{AA9B7A49-BDA0-40B5-AC40-138B35A5B9CB}.Debug|ARM.Deploy.0 = Debug|Any CPU
		{AA9B7A49-BDA0-40B5-AC40-138B35A5B9CB}.Debug|ARM64.ActiveCfg = Debug|Any CPU
		{AA9B7A49-BDA0-40B5-AC40-138B35A5B9CB}.Debug|ARM64.Build.0 = Debug|Any CPU
		{AA9B7A49-BDA0-40B5-AC40-138B35A5B9CB}.Debug|ARM64.Deploy.0 = Debug|Any CPU
		{AA9B7A49-BDA0-40B5-AC40-138B35A5B9CB}.Debug|iPhone.ActiveCfg = Debug|Any CPU
		{AA9B7A49-BDA0-40B5-AC40-138B35A5B9CB}.Debug|iPhone.Build.0 = Debug|Any CPU
		{AA9B7A49-BDA0-40B5-AC40-138B35A5B9CB}.Debug|iPhone.Deploy.0 = Debug|Any CPU
		{AA9B7A49-BDA0-40B5-AC40-138B35A5B9CB}.Debug|iPhoneSimulator.ActiveCfg = Debug|Any CPU
		{AA9B7A49-BDA0-40B5-AC40-138B35A5B9CB}.Debug|iPhoneSimulator.Build.0 = Debug|Any CPU
		{AA9B7A49-BDA0-40B5-AC40-138B35A5B9CB}.Debug|iPhoneSimulator.Deploy.0 = Debug|Any CPU
		{AA9B7A49-BDA0-40B5-AC40-138B35A5B9CB}.Debug|x64.ActiveCfg = Debug|Any CPU
		{AA9B7A49-BDA0-40B5-AC40-138B35A5B9CB}.Debug|x64.Build.0 = Debug|Any CPU
		{AA9B7A49-BDA0-40B5-AC40-138B35A5B9CB}.Debug|x64.Deploy.0 = Debug|Any CPU
		{AA9B7A49-BDA0-40B5-AC40-138B35A5B9CB}.Debug|x86.ActiveCfg = Debug|Any CPU
		{AA9B7A49-BDA0-40B5-AC40-138B35A5B9CB}.Debug|x86.Build.0 = Debug|Any CPU
		{AA9B7A49-BDA0-40B5-AC40-138B35A5B9CB}.Debug|x86.Deploy.0 = Debug|Any CPU
		{AA9B7A49-BDA0-40B5-AC40-138B35A5B9CB}.Release|Any CPU.ActiveCfg = Release|Any CPU
		{AA9B7A49-BDA0-40B5-AC40-138B35A5B9CB}.Release|Any CPU.Build.0 = Release|Any CPU
		{AA9B7A49-BDA0-40B5-AC40-138B35A5B9CB}.Release|Any CPU.Deploy.0 = Release|Any CPU
		{AA9B7A49-BDA0-40B5-AC40-138B35A5B9CB}.Release|ARM.ActiveCfg = Release|Any CPU
		{AA9B7A49-BDA0-40B5-AC40-138B35A5B9CB}.Release|ARM.Build.0 = Release|Any CPU
		{AA9B7A49-BDA0-40B5-AC40-138B35A5B9CB}.Release|ARM.Deploy.0 = Release|Any CPU
		{AA9B7A49-BDA0-40B5-AC40-138B35A5B9CB}.Release|ARM64.ActiveCfg = Release|Any CPU
		{AA9B7A49-BDA0-40B5-AC40-138B35A5B9CB}.Release|ARM64.Build.0 = Release|Any CPU
		{AA9B7A49-BDA0-40B5-AC40-138B35A5B9CB}.Release|ARM64.Deploy.0 = Release|Any CPU
		{AA9B7A49-BDA0-40B5-AC40-138B35A5B9CB}.Release|iPhone.ActiveCfg = Release|Any CPU
		{AA9B7A49-BDA0-40B5-AC40-138B35A5B9CB}.Release|iPhone.Build.0 = Release|Any CPU
		{AA9B7A49-BDA0-40B5-AC40-138B35A5B9CB}.Release|iPhone.Deploy.0 = Release|Any CPU
		{AA9B7A49-BDA0-40B5-AC40-138B35A5B9CB}.Release|iPhoneSimulator.ActiveCfg = Release|Any CPU
		{AA9B7A49-BDA0-40B5-AC40-138B35A5B9CB}.Release|iPhoneSimulator.Build.0 = Release|Any CPU
		{AA9B7A49-BDA0-40B5-AC40-138B35A5B9CB}.Release|iPhoneSimulator.Deploy.0 = Release|Any CPU
		{AA9B7A49-BDA0-40B5-AC40-138B35A5B9CB}.Release|x64.ActiveCfg = Release|Any CPU
		{AA9B7A49-BDA0-40B5-AC40-138B35A5B9CB}.Release|x64.Build.0 = Release|Any CPU
		{AA9B7A49-BDA0-40B5-AC40-138B35A5B9CB}.Release|x64.Deploy.0 = Release|Any CPU
		{AA9B7A49-BDA0-40B5-AC40-138B35A5B9CB}.Release|x86.ActiveCfg = Release|Any CPU
		{AA9B7A49-BDA0-40B5-AC40-138B35A5B9CB}.Release|x86.Build.0 = Release|Any CPU
		{AA9B7A49-BDA0-40B5-AC40-138B35A5B9CB}.Release|x86.Deploy.0 = Release|Any CPU
		{D9F4746D-C001-4C6E-9F7E-CEF391511517}.Ad-Hoc|Any CPU.ActiveCfg = Debug|x86
		{D9F4746D-C001-4C6E-9F7E-CEF391511517}.Ad-Hoc|Any CPU.Build.0 = Debug|x86
		{D9F4746D-C001-4C6E-9F7E-CEF391511517}.Ad-Hoc|Any CPU.Deploy.0 = Debug|x86
		{D9F4746D-C001-4C6E-9F7E-CEF391511517}.Ad-Hoc|ARM.ActiveCfg = Debug|ARM
		{D9F4746D-C001-4C6E-9F7E-CEF391511517}.Ad-Hoc|ARM.Build.0 = Debug|ARM
		{D9F4746D-C001-4C6E-9F7E-CEF391511517}.Ad-Hoc|ARM.Deploy.0 = Debug|ARM
		{D9F4746D-C001-4C6E-9F7E-CEF391511517}.Ad-Hoc|ARM64.ActiveCfg = Debug|ARM64
		{D9F4746D-C001-4C6E-9F7E-CEF391511517}.Ad-Hoc|ARM64.Build.0 = Debug|ARM64
		{D9F4746D-C001-4C6E-9F7E-CEF391511517}.Ad-Hoc|ARM64.Deploy.0 = Debug|ARM64
		{D9F4746D-C001-4C6E-9F7E-CEF391511517}.Ad-Hoc|iPhone.ActiveCfg = Debug|x86
		{D9F4746D-C001-4C6E-9F7E-CEF391511517}.Ad-Hoc|iPhone.Build.0 = Debug|x86
		{D9F4746D-C001-4C6E-9F7E-CEF391511517}.Ad-Hoc|iPhone.Deploy.0 = Debug|x86
		{D9F4746D-C001-4C6E-9F7E-CEF391511517}.Ad-Hoc|iPhoneSimulator.ActiveCfg = Debug|x86
		{D9F4746D-C001-4C6E-9F7E-CEF391511517}.Ad-Hoc|iPhoneSimulator.Build.0 = Debug|x86
		{D9F4746D-C001-4C6E-9F7E-CEF391511517}.Ad-Hoc|iPhoneSimulator.Deploy.0 = Debug|x86
		{D9F4746D-C001-4C6E-9F7E-CEF391511517}.Ad-Hoc|x64.ActiveCfg = Debug|x64
		{D9F4746D-C001-4C6E-9F7E-CEF391511517}.Ad-Hoc|x64.Build.0 = Debug|x64
		{D9F4746D-C001-4C6E-9F7E-CEF391511517}.Ad-Hoc|x64.Deploy.0 = Debug|x64
		{D9F4746D-C001-4C6E-9F7E-CEF391511517}.Ad-Hoc|x86.ActiveCfg = Debug|x86
		{D9F4746D-C001-4C6E-9F7E-CEF391511517}.Ad-Hoc|x86.Build.0 = Debug|x86
		{D9F4746D-C001-4C6E-9F7E-CEF391511517}.Ad-Hoc|x86.Deploy.0 = Debug|x86
		{D9F4746D-C001-4C6E-9F7E-CEF391511517}.AppStore|Any CPU.ActiveCfg = Debug|x86
		{D9F4746D-C001-4C6E-9F7E-CEF391511517}.AppStore|Any CPU.Build.0 = Debug|x86
		{D9F4746D-C001-4C6E-9F7E-CEF391511517}.AppStore|Any CPU.Deploy.0 = Debug|x86
		{D9F4746D-C001-4C6E-9F7E-CEF391511517}.AppStore|ARM.ActiveCfg = Debug|ARM
		{D9F4746D-C001-4C6E-9F7E-CEF391511517}.AppStore|ARM.Build.0 = Debug|ARM
		{D9F4746D-C001-4C6E-9F7E-CEF391511517}.AppStore|ARM.Deploy.0 = Debug|ARM
		{D9F4746D-C001-4C6E-9F7E-CEF391511517}.AppStore|ARM64.ActiveCfg = Debug|ARM64
		{D9F4746D-C001-4C6E-9F7E-CEF391511517}.AppStore|ARM64.Build.0 = Debug|ARM64
		{D9F4746D-C001-4C6E-9F7E-CEF391511517}.AppStore|ARM64.Deploy.0 = Debug|ARM64
		{D9F4746D-C001-4C6E-9F7E-CEF391511517}.AppStore|iPhone.ActiveCfg = Debug|x86
		{D9F4746D-C001-4C6E-9F7E-CEF391511517}.AppStore|iPhone.Build.0 = Debug|x86
		{D9F4746D-C001-4C6E-9F7E-CEF391511517}.AppStore|iPhone.Deploy.0 = Debug|x86
		{D9F4746D-C001-4C6E-9F7E-CEF391511517}.AppStore|iPhoneSimulator.ActiveCfg = Debug|x86
		{D9F4746D-C001-4C6E-9F7E-CEF391511517}.AppStore|iPhoneSimulator.Build.0 = Debug|x86
		{D9F4746D-C001-4C6E-9F7E-CEF391511517}.AppStore|iPhoneSimulator.Deploy.0 = Debug|x86
		{D9F4746D-C001-4C6E-9F7E-CEF391511517}.AppStore|x64.ActiveCfg = Debug|x64
		{D9F4746D-C001-4C6E-9F7E-CEF391511517}.AppStore|x64.Build.0 = Debug|x64
		{D9F4746D-C001-4C6E-9F7E-CEF391511517}.AppStore|x64.Deploy.0 = Debug|x64
		{D9F4746D-C001-4C6E-9F7E-CEF391511517}.AppStore|x86.ActiveCfg = Debug|x86
		{D9F4746D-C001-4C6E-9F7E-CEF391511517}.AppStore|x86.Build.0 = Debug|x86
		{D9F4746D-C001-4C6E-9F7E-CEF391511517}.AppStore|x86.Deploy.0 = Debug|x86
		{D9F4746D-C001-4C6E-9F7E-CEF391511517}.Debug|Any CPU.ActiveCfg = Debug|x86
		{D9F4746D-C001-4C6E-9F7E-CEF391511517}.Debug|ARM.ActiveCfg = Debug|ARM
		{D9F4746D-C001-4C6E-9F7E-CEF391511517}.Debug|ARM.Build.0 = Debug|ARM
		{D9F4746D-C001-4C6E-9F7E-CEF391511517}.Debug|ARM.Deploy.0 = Debug|ARM
		{D9F4746D-C001-4C6E-9F7E-CEF391511517}.Debug|ARM64.ActiveCfg = Debug|ARM64
		{D9F4746D-C001-4C6E-9F7E-CEF391511517}.Debug|ARM64.Build.0 = Debug|ARM64
		{D9F4746D-C001-4C6E-9F7E-CEF391511517}.Debug|ARM64.Deploy.0 = Debug|ARM64
		{D9F4746D-C001-4C6E-9F7E-CEF391511517}.Debug|iPhone.ActiveCfg = Debug|x86
		{D9F4746D-C001-4C6E-9F7E-CEF391511517}.Debug|iPhoneSimulator.ActiveCfg = Debug|x86
		{D9F4746D-C001-4C6E-9F7E-CEF391511517}.Debug|x64.ActiveCfg = Debug|x64
		{D9F4746D-C001-4C6E-9F7E-CEF391511517}.Debug|x64.Build.0 = Debug|x64
		{D9F4746D-C001-4C6E-9F7E-CEF391511517}.Debug|x64.Deploy.0 = Debug|x64
		{D9F4746D-C001-4C6E-9F7E-CEF391511517}.Debug|x86.ActiveCfg = Debug|x86
		{D9F4746D-C001-4C6E-9F7E-CEF391511517}.Debug|x86.Build.0 = Debug|x86
		{D9F4746D-C001-4C6E-9F7E-CEF391511517}.Debug|x86.Deploy.0 = Debug|x86
		{D9F4746D-C001-4C6E-9F7E-CEF391511517}.Release|Any CPU.ActiveCfg = Release|x86
		{D9F4746D-C001-4C6E-9F7E-CEF391511517}.Release|ARM.ActiveCfg = Release|ARM
		{D9F4746D-C001-4C6E-9F7E-CEF391511517}.Release|ARM.Build.0 = Release|ARM
		{D9F4746D-C001-4C6E-9F7E-CEF391511517}.Release|ARM.Deploy.0 = Release|ARM
		{D9F4746D-C001-4C6E-9F7E-CEF391511517}.Release|ARM64.ActiveCfg = Release|ARM64
		{D9F4746D-C001-4C6E-9F7E-CEF391511517}.Release|ARM64.Build.0 = Release|ARM64
		{D9F4746D-C001-4C6E-9F7E-CEF391511517}.Release|ARM64.Deploy.0 = Release|ARM64
		{D9F4746D-C001-4C6E-9F7E-CEF391511517}.Release|iPhone.ActiveCfg = Release|x86
		{D9F4746D-C001-4C6E-9F7E-CEF391511517}.Release|iPhoneSimulator.ActiveCfg = Release|x86
		{D9F4746D-C001-4C6E-9F7E-CEF391511517}.Release|x64.ActiveCfg = Release|x64
		{D9F4746D-C001-4C6E-9F7E-CEF391511517}.Release|x64.Build.0 = Release|x64
		{D9F4746D-C001-4C6E-9F7E-CEF391511517}.Release|x64.Deploy.0 = Release|x64
		{D9F4746D-C001-4C6E-9F7E-CEF391511517}.Release|x86.ActiveCfg = Release|x86
		{D9F4746D-C001-4C6E-9F7E-CEF391511517}.Release|x86.Build.0 = Release|x86
		{D9F4746D-C001-4C6E-9F7E-CEF391511517}.Release|x86.Deploy.0 = Release|x86
	EndGlobalSection
	GlobalSection(SolutionProperties) = preSolution
		HideSolutionNode = FALSE
	EndGlobalSection
	GlobalSection(NestedProjects) = preSolution
		{AA9B7A49-BDA0-40B5-AC40-138B35A5B9CB} = {31BE3202-3521-446F-BE3F-5E62A0632341}
		{D9F4746D-C001-4C6E-9F7E-CEF391511517} = {31BE3202-3521-446F-BE3F-5E62A0632341}
	EndGlobalSection
	GlobalSection(ExtensibilityGlobals) = postSolution
		SolutionGuid = {70B8F82D-B5A3-4F5F-ABAE-6B5CD170AE3F}
	EndGlobalSection
EndGlobal
